// !$*UTF8*$!
{
	archiveVersion = 1;
	classes = {
	};
	objectVersion = 50;
	objects = {

/* Begin PBXBuildFile section */
		DC382B2826C89EB3007A1516 /* AppDelegate.swift in Sources */ = {isa = PBXBuildFile; fileRef = DC382B2726C89EB3007A1516 /* AppDelegate.swift */; };
		DC382B2A26C89EB3007A1516 /* SceneDelegate.swift in Sources */ = {isa = PBXBuildFile; fileRef = DC382B2926C89EB3007A1516 /* SceneDelegate.swift */; };
		DC382B2C26C89EB3007A1516 /* ViewController.swift in Sources */ = {isa = PBXBuildFile; fileRef = DC382B2B26C89EB3007A1516 /* ViewController.swift */; };
		DC382B2F26C89EB3007A1516 /* Main.storyboard in Resources */ = {isa = PBXBuildFile; fileRef = DC382B2D26C89EB3007A1516 /* Main.storyboard */; };
		DC382B3126C89EB7007A1516 /* Assets.xcassets in Resources */ = {isa = PBXBuildFile; fileRef = DC382B3026C89EB7007A1516 /* Assets.xcassets */; };
		DC382B3426C89EB7007A1516 /* LaunchScreen.storyboard in Resources */ = {isa = PBXBuildFile; fileRef = DC382B3226C89EB7007A1516 /* LaunchScreen.storyboard */; };
/* End PBXBuildFile section */

/* Begin PBXFileReference section */
		DC382B2426C89EB3007A1516 /* Operator Handbook.app */ = {isa = PBXFileReference; explicitFileType = wrapper.application; includeInIndex = 0; path = "Operator Handbook.app"; sourceTree = BUILT_PRODUCTS_DIR; };
		DC382B2726C89EB3007A1516 /* AppDelegate.swift */ = {isa = PBXFileReference; lastKnownFileType = sourcecode.swift; path = AppDelegate.swift; sourceTree = "<group>"; };
		DC382B2926C89EB3007A1516 /* SceneDelegate.swift */ = {isa = PBXFileReference; lastKnownFileType = sourcecode.swift; path = SceneDelegate.swift; sourceTree = "<group>"; };
		DC382B2B26C89EB3007A1516 /* ViewController.swift */ = {isa = PBXFileReference; lastKnownFileType = sourcecode.swift; path = ViewController.swift; sourceTree = "<group>"; };
		DC382B2E26C89EB3007A1516 /* Base */ = {isa = PBXFileReference; lastKnownFileType = file.storyboard; name = Base; path = Base.lproj/Main.storyboard; sourceTree = "<group>"; };
		DC382B3026C89EB7007A1516 /* Assets.xcassets */ = {isa = PBXFileReference; lastKnownFileType = folder.assetcatalog; path = Assets.xcassets; sourceTree = "<group>"; };
		DC382B3326C89EB7007A1516 /* Base */ = {isa = PBXFileReference; lastKnownFileType = file.storyboard; name = Base; path = Base.lproj/LaunchScreen.storyboard; sourceTree = "<group>"; };
		DC382B3526C89EB7007A1516 /* Info.plist */ = {isa = PBXFileReference; lastKnownFileType = text.plist.xml; path = Info.plist; sourceTree = "<group>"; };
/* End PBXFileReference section */

/* Begin PBXFrameworksBuildPhase section */
		DC382B2126C89EB3007A1516 /* Frameworks */ = {
			isa = PBXFrameworksBuildPhase;
			buildActionMask = 2147483647;
			files = (
			);
			runOnlyForDeploymentPostprocessing = 0;
		};
/* End PBXFrameworksBuildPhase section */

/* Begin PBXGroup section */
		DC382B1B26C89EB3007A1516 = {
			isa = PBXGroup;
			children = (
				DC382B2626C89EB3007A1516 /* Operator Handbook */,
				DC382B2526C89EB3007A1516 /* Products */,
			);
			sourceTree = "<group>";
		};
		DC382B2526C89EB3007A1516 /* Products */ = {
			isa = PBXGroup;
			children = (
				DC382B2426C89EB3007A1516 /* Operator Handbook.app */,
			);
			name = Products;
			sourceTree = "<group>";
		};
		DC382B2626C89EB3007A1516 /* Operator Handbook */ = {
			isa = PBXGroup;
			children = (
				DC382B2726C89EB3007A1516 /* AppDelegate.swift */,
				DC382B2926C89EB3007A1516 /* SceneDelegate.swift */,
				DC382B2B26C89EB3007A1516 /* ViewController.swift */,
				DC382B2D26C89EB3007A1516 /* Main.storyboard */,
				DC382B3026C89EB7007A1516 /* Assets.xcassets */,
				DC382B3226C89EB7007A1516 /* LaunchScreen.storyboard */,
				DC382B3526C89EB7007A1516 /* Info.plist */,
			);
			path = "Operator Handbook";
			sourceTree = "<group>";
		};
/* End PBXGroup section */

/* Begin PBXNativeTarget section */
		DC382B2326C89EB3007A1516 /* Operator Handbook */ = {
			isa = PBXNativeTarget;
			buildConfigurationList = DC382B3826C89EB7007A1516 /* Build configuration list for PBXNativeTarget "Operator Handbook" */;
			buildPhases = (
				DC382B2026C89EB3007A1516 /* Sources */,
				DC382B2126C89EB3007A1516 /* Frameworks */,
				DC382B2226C89EB3007A1516 /* Resources */,
			);
			buildRules = (
			);
			dependencies = (
			);
			name = "Operator Handbook";
			productName = "Operator Handbook";
			productReference = DC382B2426C89EB3007A1516 /* Operator Handbook.app */;
			productType = "com.apple.product-type.application";
		};
/* End PBXNativeTarget section */

/* Begin PBXProject section */
		DC382B1C26C89EB3007A1516 /* Project object */ = {
			isa = PBXProject;
			attributes = {
				LastSwiftUpdateCheck = 1250;
				LastUpgradeCheck = 1250;
				TargetAttributes = {
					DC382B2326C89EB3007A1516 = {
						CreatedOnToolsVersion = 12.5.1;
					};
				};
			};
			buildConfigurationList = DC382B1F26C89EB3007A1516 /* Build configuration list for PBXProject "Operator Handbook" */;
			compatibilityVersion = "Xcode 9.3";
			developmentRegion = en;
			hasScannedForEncodings = 0;
			knownRegions = (
				en,
				Base,
			);
			mainGroup = DC382B1B26C89EB3007A1516;
			productRefGroup = DC382B2526C89EB3007A1516 /* Products */;
			projectDirPath = "";
			projectRoot = "";
			targets = (
				DC382B2326C89EB3007A1516 /* Operator Handbook */,
			);
		};
/* End PBXProject section */

/* Begin PBXResourcesBuildPhase section */
		DC382B2226C89EB3007A1516 /* Resources */ = {
			isa = PBXResourcesBuildPhase;
			buildActionMask = 2147483647;
			files = (
				DC382B3426C89EB7007A1516 /* LaunchScreen.storyboard in Resources */,
				DC382B3126C89EB7007A1516 /* Assets.xcassets in Resources */,
				DC382B2F26C89EB3007A1516 /* Main.storyboard in Resources */,
			);
			runOnlyForDeploymentPostprocessing = 0;
		};
/* End PBXResourcesBuildPhase section */

/* Begin PBXSourcesBuildPhase section */
		DC382B2026C89EB3007A1516 /* Sources */ = {
			isa = PBXSourcesBuildPhase;
			buildActionMask = 2147483647;
			files = (
				DC382B2C26C89EB3007A1516 /* ViewController.swift in Sources */,
				DC382B2826C89EB3007A1516 /* AppDelegate.swift in Sources */,
				DC382B2A26C89EB3007A1516 /* SceneDelegate.swift in Sources */,
			);
			runOnlyForDeploymentPostprocessing = 0;
		};
/* End PBXSourcesBuildPhase section */

/* Begin PBXVariantGroup section */
		DC382B2D26C89EB3007A1516 /* Main.storyboard */ = {
			isa = PBXVariantGroup;
			children = (
				DC382B2E26C89EB3007A1516 /* Base */,
			);
			name = Main.storyboard;
			sourceTree = "<group>";
		};
		DC382B3226C89EB7007A1516 /* LaunchScreen.storyboard */ = {
			isa = PBXVariantGroup;
			children = (
				DC382B3326C89EB7007A1516 /* Base */,
			);
			name = LaunchScreen.storyboard;
			sourceTree = "<group>";
		};
/* End PBXVariantGroup section */

/* Begin XCBuildConfiguration section */
		DC382B3626C89EB7007A1516 /* Debug */ = {
			isa = XCBuildConfiguration;
			buildSettings = {
				ALWAYS_SEARCH_USER_PATHS = NO;
				CLANG_ANALYZER_NONNULL = YES;
				CLANG_ANALYZER_NUMBER_OBJECT_CONVERSION = YES_AGGRESSIVE;
				CLANG_CXX_LANGUAGE_STANDARD = "gnu++14";
				CLANG_CXX_LIBRARY = "libc++";
				CLANG_ENABLE_MODULES = YES;
				CLANG_ENABLE_OBJC_ARC = YES;
				CLANG_ENABLE_OBJC_WEAK = YES;
				CLANG_WARN_BLOCK_CAPTURE_AUTORELEASING = YES;
				CLANG_WARN_BOOL_CONVERSION = YES;
				CLANG_WARN_COMMA = YES;
				CLANG_WARN_CONSTANT_CONVERSION = YES;
				CLANG_WARN_DEPRECATED_OBJC_IMPLEMENTATIONS = YES;
				CLANG_WARN_DIRECT_OBJC_ISA_USAGE = YES_ERROR;
				CLANG_WARN_DOCUMENTATION_COMMENTS = YES;
				CLANG_WARN_EMPTY_BODY = YES;
				CLANG_WARN_ENUM_CONVERSION = YES;
				CLANG_WARN_INFINITE_RECURSION = YES;
				CLANG_WARN_INT_CONVERSION = YES;
				CLANG_WARN_NON_LITERAL_NULL_CONVERSION = YES;
				CLANG_WARN_OBJC_IMPLICIT_RETAIN_SELF = YES;
				CLANG_WARN_OBJC_LITERAL_CONVERSION = YES;
				CLANG_WARN_OBJC_ROOT_CLASS = YES_ERROR;
				CLANG_WARN_QUOTED_INCLUDE_IN_FRAMEWORK_HEADER = YES;
				CLANG_WARN_RANGE_LOOP_ANALYSIS = YES;
				CLANG_WARN_STRICT_PROTOTYPES = YES;
				CLANG_WARN_SUSPICIOUS_MOVE = YES;
				CLANG_WARN_UNGUARDED_AVAILABILITY = YES_AGGRESSIVE;
				CLANG_WARN_UNREACHABLE_CODE = YES;
				CLANG_WARN__DUPLICATE_METHOD_MATCH = YES;
				COPY_PHASE_STRIP = NO;
				DEBUG_INFORMATION_FORMAT = dwarf;
				ENABLE_STRICT_OBJC_MSGSEND = YES;
				ENABLE_TESTABILITY = YES;
				GCC_C_LANGUAGE_STANDARD = gnu11;
				GCC_DYNAMIC_NO_PIC = NO;
				GCC_NO_COMMON_BLOCKS = YES;
				GCC_OPTIMIZATION_LEVEL = 0;
				GCC_PREPROCESSOR_DEFINITIONS = (
					"DEBUG=1",
					"$(inherited)",
				);
				GCC_WARN_64_TO_32_BIT_CONVERSION = YES;
				GCC_WARN_ABOUT_RETURN_TYPE = YES_ERROR;
				GCC_WARN_UNDECLARED_SELECTOR = YES;
				GCC_WARN_UNINITIALIZED_AUTOS = YES_AGGRESSIVE;
				GCC_WARN_UNUSED_FUNCTION = YES;
				GCC_WARN_UNUSED_VARIABLE = YES;
				IPHONEOS_DEPLOYMENT_TARGET = 14.5;
				MTL_ENABLE_DEBUG_INFO = INCLUDE_SOURCE;
				MTL_FAST_MATH = YES;
				ONLY_ACTIVE_ARCH = YES;
				SDKROOT = iphoneos;
				SWIFT_ACTIVE_COMPILATION_CONDITIONS = DEBUG;
				SWIFT_OPTIMIZATION_LEVEL = "-Onone";
			};
			name = Debug;
		};
		DC382B3726C89EB7007A1516 /* Release */ = {
			isa = XCBuildConfiguration;
			buildSettings = {
				ALWAYS_SEARCH_USER_PATHS = NO;
				CLANG_ANALYZER_NONNULL = YES;
				CLANG_ANALYZER_NUMBER_OBJECT_CONVERSION = YES_AGGRESSIVE;
				CLANG_CXX_LANGUAGE_STANDARD = "gnu++14";
				CLANG_CXX_LIBRARY = "libc++";
				CLANG_ENABLE_MODULES = YES;
				CLANG_ENABLE_OBJC_ARC = YES;
				CLANG_ENABLE_OBJC_WEAK = YES;
				CLANG_WARN_BLOCK_CAPTURE_AUTORELEASING = YES;
				CLANG_WARN_BOOL_CONVERSION = YES;
				CLANG_WARN_COMMA = YES;
				CLANG_WARN_CONSTANT_CONVERSION = YES;
				CLANG_WARN_DEPRECATED_OBJC_IMPLEMENTATIONS = YES;
				CLANG_WARN_DIRECT_OBJC_ISA_USAGE = YES_ERROR;
				CLANG_WARN_DOCUMENTATION_COMMENTS = YES;
				CLANG_WARN_EMPTY_BODY = YES;
				CLANG_WARN_ENUM_CONVERSION = YES;
				CLANG_WARN_INFINITE_RECURSION = YES;
				CLANG_WARN_INT_CONVERSION = YES;
				CLANG_WARN_NON_LITERAL_NULL_CONVERSION = YES;
				CLANG_WARN_OBJC_IMPLICIT_RETAIN_SELF = YES;
				CLANG_WARN_OBJC_LITERAL_CONVERSION = YES;
				CLANG_WARN_OBJC_ROOT_CLASS = YES_ERROR;
				CLANG_WARN_QUOTED_INCLUDE_IN_FRAMEWORK_HEADER = YES;
				CLANG_WARN_RANGE_LOOP_ANALYSIS = YES;
				CLANG_WARN_STRICT_PROTOTYPES = YES;
				CLANG_WARN_SUSPICIOUS_MOVE = YES;
				CLANG_WARN_UNGUARDED_AVAILABILITY = YES_AGGRESSIVE;
				CLANG_WARN_UNREACHABLE_CODE = YES;
				CLANG_WARN__DUPLICATE_METHOD_MATCH = YES;
				COPY_PHASE_STRIP = NO;
				DEBUG_INFORMATION_FORMAT = "dwarf-with-dsym";
				ENABLE_NS_ASSERTIONS = NO;
				ENABLE_STRICT_OBJC_MSGSEND = YES;
				GCC_C_LANGUAGE_STANDARD = gnu11;
				GCC_NO_COMMON_BLOCKS = YES;
				GCC_WARN_64_TO_32_BIT_CONVERSION = YES;
				GCC_WARN_ABOUT_RETURN_TYPE = YES_ERROR;
				GCC_WARN_UNDECLARED_SELECTOR = YES;
				GCC_WARN_UNINITIALIZED_AUTOS = YES_AGGRESSIVE;
				GCC_WARN_UNUSED_FUNCTION = YES;
				GCC_WARN_UNUSED_VARIABLE = YES;
				IPHONEOS_DEPLOYMENT_TARGET = 14.5;
				MTL_ENABLE_DEBUG_INFO = NO;
				MTL_FAST_MATH = YES;
				SDKROOT = iphoneos;
				SWIFT_COMPILATION_MODE = wholemodule;
				SWIFT_OPTIMIZATION_LEVEL = "-O";
				VALIDATE_PRODUCT = YES;
			};
			name = Release;
		};
		DC382B3926C89EB7007A1516 /* Debug */ = {
			isa = XCBuildConfiguration;
			buildSettings = {
				ASSETCATALOG_COMPILER_APPICON_NAME = AppIcon;
				ASSETCATALOG_COMPILER_GLOBAL_ACCENT_COLOR_NAME = AccentColor;
				CODE_SIGN_STYLE = Automatic;
				DEVELOPMENT_TEAM = KHSSA794JV;
				INFOPLIST_FILE = "Operator Handbook/Info.plist";
				LD_RUNPATH_SEARCH_PATHS = (
					"$(inherited)",
					"@executable_path/Frameworks",
				);
				PRODUCT_BUNDLE_IDENTIFIER = "edu.rose-hulman.strainlw.Operator-Handbook";
				PRODUCT_NAME = "$(TARGET_NAME)";
				SWIFT_VERSION = 5.0;
				TARGETED_DEVICE_FAMILY = "1,2";
			};
			name = Debug;
		};
		DC382B3A26C89EB7007A1516 /* Release */ = {
			isa = XCBuildConfiguration;
			buildSettings = {
				ASSETCATALOG_COMPILER_APPICON_NAME = AppIcon;
				ASSETCATALOG_COMPILER_GLOBAL_ACCENT_COLOR_NAME = AccentColor;
				CODE_SIGN_STYLE = Automatic;
				DEVELOPMENT_TEAM = KHSSA794JV;
				INFOPLIST_FILE = "Operator Handbook/Info.plist";
				LD_RUNPATH_SEARCH_PATHS = (
					"$(inherited)",
					"@executable_path/Frameworks",
				);
				PRODUCT_BUNDLE_IDENTIFIER = "edu.rose-hulman.strainlw.Operator-Handbook";
				PRODUCT_NAME = "$(TARGET_NAME)";
				SWIFT_VERSION = 5.0;
				TARGETED_DEVICE_FAMILY = "1,2";
			};
			name = Release;
		};
/* End XCBuildConfiguration section */

/* Begin XCConfigurationList section */
		DC382B1F26C89EB3007A1516 /* Build configuration list for PBXProject "Operator Handbook" */ = {
			isa = XCConfigurationList;
			buildConfigurations = (
				DC382B3626C89EB7007A1516 /* Debug */,
				DC382B3726C89EB7007A1516 /* Release */,
			);
			defaultConfigurationIsVisible = 0;
			defaultConfigurationName = Release;
		};
		DC382B3826C89EB7007A1516 /* Build configuration list for PBXNativeTarget "Operator Handbook" */ = {
			isa = XCConfigurationList;
			buildConfigurations = (
				DC382B3926C89EB7007A1516 /* Debug */,
				DC382B3A26C89EB7007A1516 /* Release */,
			);
			defaultConfigurationIsVisible = 0;
			defaultConfigurationName = Release;
		};
/* End XCConfigurationList section */
	};
	rootObject = DC382B1C26C89EB3007A1516 /* Project object */;
}
